
Microsoft Visual Studio Solution File, Format Version 12.00
# Visual Studio Version 17
VisualStudioVersion = 17.5.002.0
MinimumVisualStudioVersion = 10.0.40219.1
Project("{9A19103F-16F7-4668-BE54-9A1E7A4F7556}") = "lab3V2", "lab3V2.csproj", "{A586499A-292A-4ED2-858F-2AF84006E910}"
EndProject
Global
	GlobalSection(SolutionConfigurationPlatforms) = preSolution
		Debug|Any CPU = Debug|Any CPU
		Release|Any CPU = Release|Any CPU
	EndGlobalSection
	GlobalSection(ProjectConfigurationPlatforms) = postSolution
		{A586499A-292A-4ED2-858F-2AF84006E910}.Debug|Any CPU.ActiveCfg = Debug|Any CPU
		{A586499A-292A-4ED2-858F-2AF84006E910}.Debug|Any CPU.Build.0 = Debug|Any CPU
		{A586499A-292A-4ED2-858F-2AF84006E910}.Release|Any CPU.ActiveCfg = Release|Any CPU
		{A586499A-292A-4ED2-858F-2AF84006E910}.Release|Any CPU.Build.0 = Release|Any CPU
	EndGlobalSection
	GlobalSection(SolutionProperties) = preSolution
		HideSolutionNode = FALSE
	EndGlobalSection
	GlobalSection(ExtensibilityGlobals) = postSolution
		SolutionGuid = {89EE4BAD-4454-4F93-9088-2AA3404BA24A}
	EndGlobalSection
EndGlobal
